{
  "requires": true,
  "lockfileVersion": 1,
  "dependencies": {
    "@types/mathjax": {
      "version": "0.0.36",
      "resolved": "https://registry.npmjs.org/@types/mathjax/-/mathjax-0.0.36.tgz",
      "integrity": "sha512-TqDJc2GWuTqd/m+G/FbNkN+/TF2OCCHvcawmhIrUaZkdVquMdNZmNiNUkupNg9qctorXXkVLVSogZv1DhmgLmg=="
    }
  }
}
